{
  "name": "AjaxNav",
  "version": "1.0.0",
  "lockfileVersion": 1,
  "requires": true,
  "dependencies": {
    "Static.js": {
      "version": "gist:b6454cf8fe004ee9f0264aa301007202#76baf2bb832c1fa808f0d3f6975a03e9de760a94",
      "from": "gist:b6454cf8fe004ee9f0264aa301007202"
    },
    "css-transition": {
      "version": "github:br4nnigan/css-transition#4a9100217763c1f56eb9d8adae0bf814037d35ec",
      "from": "github:br4nnigan/css-transition",
      "requires": {
        "promise-polyfill": "^6.0.2"
      }
    },
    "hammerjs": {
      "version": "2.0.8",
      "resolved": "https://registry.npmjs.org/hammerjs/-/hammerjs-2.0.8.tgz",
      "integrity": "sha1-BO93hiz/K7edMPdpIJWTAiK/YPE="
    },
    "promise-polyfill": {
      "version": "6.1.0",
      "resolved": "https://registry.npmjs.org/promise-polyfill/-/promise-polyfill-6.1.0.tgz",
      "integrity": "sha1-36lpQ+qcEh/KTem1hoyznTRy4Fc="
    }
  }
}
